// !$*UTF8*$!
{
	archiveVersion = 1;
	classes = {
	};
	objectVersion = 50;
	objects = {

/* Begin PBXBuildFile section */
		FA1CCE0D272C005E00325DCC /* AppDelegate.swift in Sources */ = {isa = PBXBuildFile; fileRef = FA1CCE0C272C005E00325DCC /* AppDelegate.swift */; };
		FA1CCE0F272C005E00325DCC /* SceneDelegate.swift in Sources */ = {isa = PBXBuildFile; fileRef = FA1CCE0E272C005E00325DCC /* SceneDelegate.swift */; };
		FA1CCE11272C005E00325DCC /* ViewController.swift in Sources */ = {isa = PBXBuildFile; fileRef = FA1CCE10272C005E00325DCC /* ViewController.swift */; };
		FA1CCE14272C005E00325DCC /* Main.storyboard in Resources */ = {isa = PBXBuildFile; fileRef = FA1CCE12272C005E00325DCC /* Main.storyboard */; };
		FA1CCE16272C006000325DCC /* Assets.xcassets in Resources */ = {isa = PBXBuildFile; fileRef = FA1CCE15272C006000325DCC /* Assets.xcassets */; };
		FA1CCE19272C006000325DCC /* LaunchScreen.storyboard in Resources */ = {isa = PBXBuildFile; fileRef = FA1CCE17272C006000325DCC /* LaunchScreen.storyboard */; };
		FA1CCE24272C006000325DCC /* TimerAppTests.swift in Sources */ = {isa = PBXBuildFile; fileRef = FA1CCE23272C006000325DCC /* TimerAppTests.swift */; };
		FA1CCE2F272C006000325DCC /* TimerAppUITests.swift in Sources */ = {isa = PBXBuildFile; fileRef = FA1CCE2E272C006000325DCC /* TimerAppUITests.swift */; };
/* End PBXBuildFile section */

/* Begin PBXContainerItemProxy section */
		FA1CCE20272C006000325DCC /* PBXContainerItemProxy */ = {
			isa = PBXContainerItemProxy;
			containerPortal = FA1CCE01272C005E00325DCC /* Project object */;
			proxyType = 1;
			remoteGlobalIDString = FA1CCE08272C005E00325DCC;
			remoteInfo = TimerApp;
		};
		FA1CCE2B272C006000325DCC /* PBXContainerItemProxy */ = {
			isa = PBXContainerItemProxy;
			containerPortal = FA1CCE01272C005E00325DCC /* Project object */;
			proxyType = 1;
			remoteGlobalIDString = FA1CCE08272C005E00325DCC;
			remoteInfo = TimerApp;
		};
/* End PBXContainerItemProxy section */

/* Begin PBXFileReference section */
		FA1CCE09272C005E00325DCC /* TimerApp.app */ = {isa = PBXFileReference; explicitFileType = wrapper.application; includeInIndex = 0; path = TimerApp.app; sourceTree = BUILT_PRODUCTS_DIR; };
		FA1CCE0C272C005E00325DCC /* AppDelegate.swift */ = {isa = PBXFileReference; lastKnownFileType = sourcecode.swift; path = AppDelegate.swift; sourceTree = "<group>"; };
		FA1CCE0E272C005E00325DCC /* SceneDelegate.swift */ = {isa = PBXFileReference; lastKnownFileType = sourcecode.swift; path = SceneDelegate.swift; sourceTree = "<group>"; };
		FA1CCE10272C005E00325DCC /* ViewController.swift */ = {isa = PBXFileReference; lastKnownFileType = sourcecode.swift; path = ViewController.swift; sourceTree = "<group>"; };
		FA1CCE13272C005E00325DCC /* Base */ = {isa = PBXFileReference; lastKnownFileType = file.storyboard; name = Base; path = Base.lproj/Main.storyboard; sourceTree = "<group>"; };
		FA1CCE15272C006000325DCC /* Assets.xcassets */ = {isa = PBXFileReference; lastKnownFileType = folder.assetcatalog; path = Assets.xcassets; sourceTree = "<group>"; };
		FA1CCE18272C006000325DCC /* Base */ = {isa = PBXFileReference; lastKnownFileType = file.storyboard; name = Base; path = Base.lproj/LaunchScreen.storyboard; sourceTree = "<group>"; };
		FA1CCE1A272C006000325DCC /* Info.plist */ = {isa = PBXFileReference; lastKnownFileType = text.plist.xml; path = Info.plist; sourceTree = "<group>"; };
		FA1CCE1F272C006000325DCC /* TimerAppTests.xctest */ = {isa = PBXFileReference; explicitFileType = wrapper.cfbundle; includeInIndex = 0; path = TimerAppTests.xctest; sourceTree = BUILT_PRODUCTS_DIR; };
		FA1CCE23272C006000325DCC /* TimerAppTests.swift */ = {isa = PBXFileReference; lastKnownFileType = sourcecode.swift; path = TimerAppTests.swift; sourceTree = "<group>"; };
		FA1CCE25272C006000325DCC /* Info.plist */ = {isa = PBXFileReference; lastKnownFileType = text.plist.xml; path = Info.plist; sourceTree = "<group>"; };
		FA1CCE2A272C006000325DCC /* TimerAppUITests.xctest */ = {isa = PBXFileReference; explicitFileType = wrapper.cfbundle; includeInIndex = 0; path = TimerAppUITests.xctest; sourceTree = BUILT_PRODUCTS_DIR; };
		FA1CCE2E272C006000325DCC /* TimerAppUITests.swift */ = {isa = PBXFileReference; lastKnownFileType = sourcecode.swift; path = TimerAppUITests.swift; sourceTree = "<group>"; };
		FA1CCE30272C006000325DCC /* Info.plist */ = {isa = PBXFileReference; lastKnownFileType = text.plist.xml; path = Info.plist; sourceTree = "<group>"; };
/* End PBXFileReference section */

/* Begin PBXFrameworksBuildPhase section */
		FA1CCE06272C005E00325DCC /* Frameworks */ = {
			isa = PBXFrameworksBuildPhase;
			buildActionMask = 2147483647;
			files = (
			);
			runOnlyForDeploymentPostprocessing = 0;
		};
		FA1CCE1C272C006000325DCC /* Frameworks */ = {
			isa = PBXFrameworksBuildPhase;
			buildActionMask = 2147483647;
			files = (
			);
			runOnlyForDeploymentPostprocessing = 0;
		};
		FA1CCE27272C006000325DCC /* Frameworks */ = {
			isa = PBXFrameworksBuildPhase;
			buildActionMask = 2147483647;
			files = (
			);
			runOnlyForDeploymentPostprocessing = 0;
		};
/* End PBXFrameworksBuildPhase section */

/* Begin PBXGroup section */
		FA1CCE00272C005E00325DCC = {
			isa = PBXGroup;
			children = (
				FA1CCE0B272C005E00325DCC /* TimerApp */,
				FA1CCE22272C006000325DCC /* TimerAppTests */,
				FA1CCE2D272C006000325DCC /* TimerAppUITests */,
				FA1CCE0A272C005E00325DCC /* Products */,
			);
			sourceTree = "<group>";
		};
		FA1CCE0A272C005E00325DCC /* Products */ = {
			isa = PBXGroup;
			children = (
				FA1CCE09272C005E00325DCC /* TimerApp.app */,
				FA1CCE1F272C006000325DCC /* TimerAppTests.xctest */,
				FA1CCE2A272C006000325DCC /* TimerAppUITests.xctest */,
			);
			name = Products;
			sourceTree = "<group>";
		};
		FA1CCE0B272C005E00325DCC /* TimerApp */ = {
			isa = PBXGroup;
			children = (
				FA1CCE0C272C005E00325DCC /* AppDelegate.swift */,
				FA1CCE0E272C005E00325DCC /* SceneDelegate.swift */,
				FA1CCE10272C005E00325DCC /* ViewController.swift */,
				FA1CCE12272C005E00325DCC /* Main.storyboard */,
				FA1CCE15272C006000325DCC /* Assets.xcassets */,
				FA1CCE17272C006000325DCC /* LaunchScreen.storyboard */,
				FA1CCE1A272C006000325DCC /* Info.plist */,
			);
			path = TimerApp;
			sourceTree = "<group>";
		};
		FA1CCE22272C006000325DCC /* TimerAppTests */ = {
			isa = PBXGroup;
			children = (
				FA1CCE23272C006000325DCC /* TimerAppTests.swift */,
				FA1CCE25272C006000325DCC /* Info.plist */,
			);
			path = TimerAppTests;
			sourceTree = "<group>";
		};
		FA1CCE2D272C006000325DCC /* TimerAppUITests */ = {
			isa = PBXGroup;
			children = (
				FA1CCE2E272C006000325DCC /* TimerAppUITests.swift */,
				FA1CCE30272C006000325DCC /* Info.plist */,
			);
			path = TimerAppUITests;
			sourceTree = "<group>";
		};
/* End PBXGroup section */

/* Begin PBXNativeTarget section */
		FA1CCE08272C005E00325DCC /* TimerApp */ = {
			isa = PBXNativeTarget;
			buildConfigurationList = FA1CCE33272C006000325DCC /* Build configuration list for PBXNativeTarget "TimerApp" */;
			buildPhases = (
				FA1CCE05272C005E00325DCC /* Sources */,
				FA1CCE06272C005E00325DCC /* Frameworks */,
				FA1CCE07272C005E00325DCC /* Resources */,
			);
			buildRules = (
			);
			dependencies = (
			);
			name = TimerApp;
			productName = TimerApp;
			productReference = FA1CCE09272C005E00325DCC /* TimerApp.app */;
			productType = "com.apple.product-type.application";
		};
		FA1CCE1E272C006000325DCC /* TimerAppTests */ = {
			isa = PBXNativeTarget;
			buildConfigurationList = FA1CCE36272C006000325DCC /* Build configuration list for PBXNativeTarget "TimerAppTests" */;
			buildPhases = (
				FA1CCE1B272C006000325DCC /* Sources */,
				FA1CCE1C272C006000325DCC /* Frameworks */,
				FA1CCE1D272C006000325DCC /* Resources */,
			);
			buildRules = (
			);
			dependencies = (
				FA1CCE21272C006000325DCC /* PBXTargetDependency */,
			);
			name = TimerAppTests;
			productName = TimerAppTests;
			productReference = FA1CCE1F272C006000325DCC /* TimerAppTests.xctest */;
			productType = "com.apple.product-type.bundle.unit-test";
		};
		FA1CCE29272C006000325DCC /* TimerAppUITests */ = {
			isa = PBXNativeTarget;
			buildConfigurationList = FA1CCE39272C006000325DCC /* Build configuration list for PBXNativeTarget "TimerAppUITests" */;
			buildPhases = (
				FA1CCE26272C006000325DCC /* Sources */,
				FA1CCE27272C006000325DCC /* Frameworks */,
				FA1CCE28272C006000325DCC /* Resources */,
			);
			buildRules = (
			);
			dependencies = (
				FA1CCE2C272C006000325DCC /* PBXTargetDependency */,
			);
			name = TimerAppUITests;
			productName = TimerAppUITests;
			productReference = FA1CCE2A272C006000325DCC /* TimerAppUITests.xctest */;
			productType = "com.apple.product-type.bundle.ui-testing";
		};
/* End PBXNativeTarget section */

/* Begin PBXProject section */
		FA1CCE01272C005E00325DCC /* Project object */ = {
			isa = PBXProject;
			attributes = {
				LastSwiftUpdateCheck = 1240;
				LastUpgradeCheck = 1240;
				TargetAttributes = {
					FA1CCE08272C005E00325DCC = {
						CreatedOnToolsVersion = 12.4;
					};
					FA1CCE1E272C006000325DCC = {
						CreatedOnToolsVersion = 12.4;
						TestTargetID = FA1CCE08272C005E00325DCC;
					};
					FA1CCE29272C006000325DCC = {
						CreatedOnToolsVersion = 12.4;
						TestTargetID = FA1CCE08272C005E00325DCC;
					};
				};
			};
			buildConfigurationList = FA1CCE04272C005E00325DCC /* Build configuration list for PBXProject "TimerApp" */;
			compatibilityVersion = "Xcode 9.3";
			developmentRegion = en;
			hasScannedForEncodings = 0;
			knownRegions = (
				en,
				Base,
			);
			mainGroup = FA1CCE00272C005E00325DCC;
			productRefGroup = FA1CCE0A272C005E00325DCC /* Products */;
			projectDirPath = "";
			projectRoot = "";
			targets = (
				FA1CCE08272C005E00325DCC /* TimerApp */,
				FA1CCE1E272C006000325DCC /* TimerAppTests */,
				FA1CCE29272C006000325DCC /* TimerAppUITests */,
			);
		};
/* End PBXProject section */

/* Begin PBXResourcesBuildPhase section */
		FA1CCE07272C005E00325DCC /* Resources */ = {
			isa = PBXResourcesBuildPhase;
			buildActionMask = 2147483647;
			files = (
				FA1CCE19272C006000325DCC /* LaunchScreen.storyboard in Resources */,
				FA1CCE16272C006000325DCC /* Assets.xcassets in Resources */,
				FA1CCE14272C005E00325DCC /* Main.storyboard in Resources */,
			);
			runOnlyForDeploymentPostprocessing = 0;
		};
		FA1CCE1D272C006000325DCC /* Resources */ = {
			isa = PBXResourcesBuildPhase;
			buildActionMask = 2147483647;
			files = (
			);
			runOnlyForDeploymentPostprocessing = 0;
		};
		FA1CCE28272C006000325DCC /* Resources */ = {
			isa = PBXResourcesBuildPhase;
			buildActionMask = 2147483647;
			files = (
			);
			runOnlyForDeploymentPostprocessing = 0;
		};
/* End PBXResourcesBuildPhase section */

/* Begin PBXSourcesBuildPhase section */
		FA1CCE05272C005E00325DCC /* Sources */ = {
			isa = PBXSourcesBuildPhase;
			buildActionMask = 2147483647;
			files = (
				FA1CCE11272C005E00325DCC /* ViewController.swift in Sources */,
				FA1CCE0D272C005E00325DCC /* AppDelegate.swift in Sources */,
				FA1CCE0F272C005E00325DCC /* SceneDelegate.swift in Sources */,
			);
			runOnlyForDeploymentPostprocessing = 0;
		};
		FA1CCE1B272C006000325DCC /* Sources */ = {
			isa = PBXSourcesBuildPhase;
			buildActionMask = 2147483647;
			files = (
				FA1CCE24272C006000325DCC /* TimerAppTests.swift in Sources */,
			);
			runOnlyForDeploymentPostprocessing = 0;
		};
		FA1CCE26272C006000325DCC /* Sources */ = {
			isa = PBXSourcesBuildPhase;
			buildActionMask = 2147483647;
			files = (
				FA1CCE2F272C006000325DCC /* TimerAppUITests.swift in Sources */,
			);
			runOnlyForDeploymentPostprocessing = 0;
		};
/* End PBXSourcesBuildPhase section */

/* Begin PBXTargetDependency section */
		FA1CCE21272C006000325DCC /* PBXTargetDependency */ = {
			isa = PBXTargetDependency;
			target = FA1CCE08272C005E00325DCC /* TimerApp */;
			targetProxy = FA1CCE20272C006000325DCC /* PBXContainerItemProxy */;
		};
		FA1CCE2C272C006000325DCC /* PBXTargetDependency */ = {
			isa = PBXTargetDependency;
			target = FA1CCE08272C005E00325DCC /* TimerApp */;
			targetProxy = FA1CCE2B272C006000325DCC /* PBXContainerItemProxy */;
		};
/* End PBXTargetDependency section */

/* Begin PBXVariantGroup section */
		FA1CCE12272C005E00325DCC /* Main.storyboard */ = {
			isa = PBXVariantGroup;
			children = (
				FA1CCE13272C005E00325DCC /* Base */,
			);
			name = Main.storyboard;
			sourceTree = "<group>";
		};
		FA1CCE17272C006000325DCC /* LaunchScreen.storyboard */ = {
			isa = PBXVariantGroup;
			children = (
				FA1CCE18272C006000325DCC /* Base */,
			);
			name = LaunchScreen.storyboard;
			sourceTree = "<group>";
		};
/* End PBXVariantGroup section */

/* Begin XCBuildConfiguration section */
		FA1CCE31272C006000325DCC /* Debug */ = {
			isa = XCBuildConfiguration;
			buildSettings = {
				ALWAYS_SEARCH_USER_PATHS = NO;
				CLANG_ANALYZER_NONNULL = YES;
				CLANG_ANALYZER_NUMBER_OBJECT_CONVERSION = YES_AGGRESSIVE;
				CLANG_CXX_LANGUAGE_STANDARD = "gnu++14";
				CLANG_CXX_LIBRARY = "libc++";
				CLANG_ENABLE_MODULES = YES;
				CLANG_ENABLE_OBJC_ARC = YES;
				CLANG_ENABLE_OBJC_WEAK = YES;
				CLANG_WARN_BLOCK_CAPTURE_AUTORELEASING = YES;
				CLANG_WARN_BOOL_CONVERSION = YES;
				CLANG_WARN_COMMA = YES;
				CLANG_WARN_CONSTANT_CONVERSION = YES;
				CLANG_WARN_DEPRECATED_OBJC_IMPLEMENTATIONS = YES;
				CLANG_WARN_DIRECT_OBJC_ISA_USAGE = YES_ERROR;
				CLANG_WARN_DOCUMENTATION_COMMENTS = YES;
				CLANG_WARN_EMPTY_BODY = YES;
				CLANG_WARN_ENUM_CONVERSION = YES;
				CLANG_WARN_INFINITE_RECURSION = YES;
				CLANG_WARN_INT_CONVERSION = YES;
				CLANG_WARN_NON_LITERAL_NULL_CONVERSION = YES;
				CLANG_WARN_OBJC_IMPLICIT_RETAIN_SELF = YES;
				CLANG_WARN_OBJC_LITERAL_CONVERSION = YES;
				CLANG_WARN_OBJC_ROOT_CLASS = YES_ERROR;
				CLANG_WARN_QUOTED_INCLUDE_IN_FRAMEWORK_HEADER = YES;
				CLANG_WARN_RANGE_LOOP_ANALYSIS = YES;
				CLANG_WARN_STRICT_PROTOTYPES = YES;
				CLANG_WARN_SUSPICIOUS_MOVE = YES;
				CLANG_WARN_UNGUARDED_AVAILABILITY = YES_AGGRESSIVE;
				CLANG_WARN_UNREACHABLE_CODE = YES;
				CLANG_WARN__DUPLICATE_METHOD_MATCH = YES;
				COPY_PHASE_STRIP = NO;
				DEBUG_INFORMATION_FORMAT = dwarf;
				ENABLE_STRICT_OBJC_MSGSEND = YES;
				ENABLE_TESTABILITY = YES;
				GCC_C_LANGUAGE_STANDARD = gnu11;
				GCC_DYNAMIC_NO_PIC = NO;
				GCC_NO_COMMON_BLOCKS = YES;
				GCC_OPTIMIZATION_LEVEL = 0;
				GCC_PREPROCESSOR_DEFINITIONS = (
					"DEBUG=1",
					"$(inherited)",
				);
				GCC_WARN_64_TO_32_BIT_CONVERSION = YES;
				GCC_WARN_ABOUT_RETURN_TYPE = YES_ERROR;
				GCC_WARN_UNDECLARED_SELECTOR = YES;
				GCC_WARN_UNINITIALIZED_AUTOS = YES_AGGRESSIVE;
				GCC_WARN_UNUSED_FUNCTION = YES;
				GCC_WARN_UNUSED_VARIABLE = YES;
				IPHONEOS_DEPLOYMENT_TARGET = 14.4;
				MTL_ENABLE_DEBUG_INFO = INCLUDE_SOURCE;
				MTL_FAST_MATH = YES;
				ONLY_ACTIVE_ARCH = YES;
				SDKROOT = iphoneos;
				SWIFT_ACTIVE_COMPILATION_CONDITIONS = DEBUG;
				SWIFT_OPTIMIZATION_LEVEL = "-Onone";
			};
			name = Debug;
		};
		FA1CCE32272C006000325DCC /* Release */ = {
			isa = XCBuildConfiguration;
			buildSettings = {
				ALWAYS_SEARCH_USER_PATHS = NO;
				CLANG_ANALYZER_NONNULL = YES;
				CLANG_ANALYZER_NUMBER_OBJECT_CONVERSION = YES_AGGRESSIVE;
				CLANG_CXX_LANGUAGE_STANDARD = "gnu++14";
				CLANG_CXX_LIBRARY = "libc++";
				CLANG_ENABLE_MODULES = YES;
				CLANG_ENABLE_OBJC_ARC = YES;
				CLANG_ENABLE_OBJC_WEAK = YES;
				CLANG_WARN_BLOCK_CAPTURE_AUTORELEASING = YES;
				CLANG_WARN_BOOL_CONVERSION = YES;
				CLANG_WARN_COMMA = YES;
				CLANG_WARN_CONSTANT_CONVERSION = YES;
				CLANG_WARN_DEPRECATED_OBJC_IMPLEMENTATIONS = YES;
				CLANG_WARN_DIRECT_OBJC_ISA_USAGE = YES_ERROR;
				CLANG_WARN_DOCUMENTATION_COMMENTS = YES;
				CLANG_WARN_EMPTY_BODY = YES;
				CLANG_WARN_ENUM_CONVERSION = YES;
				CLANG_WARN_INFINITE_RECURSION = YES;
				CLANG_WARN_INT_CONVERSION = YES;
				CLANG_WARN_NON_LITERAL_NULL_CONVERSION = YES;
				CLANG_WARN_OBJC_IMPLICIT_RETAIN_SELF = YES;
				CLANG_WARN_OBJC_LITERAL_CONVERSION = YES;
				CLANG_WARN_OBJC_ROOT_CLASS = YES_ERROR;
				CLANG_WARN_QUOTED_INCLUDE_IN_FRAMEWORK_HEADER = YES;
				CLANG_WARN_RANGE_LOOP_ANALYSIS = YES;
				CLANG_WARN_STRICT_PROTOTYPES = YES;
				CLANG_WARN_SUSPICIOUS_MOVE = YES;
				CLANG_WARN_UNGUARDED_AVAILABILITY = YES_AGGRESSIVE;
				CLANG_WARN_UNREACHABLE_CODE = YES;
				CLANG_WARN__DUPLICATE_METHOD_MATCH = YES;
				COPY_PHASE_STRIP = NO;
				DEBUG_INFORMATION_FORMAT = "dwarf-with-dsym";
				ENABLE_NS_ASSERTIONS = NO;
				ENABLE_STRICT_OBJC_MSGSEND = YES;
				GCC_C_LANGUAGE_STANDARD = gnu11;
				GCC_NO_COMMON_BLOCKS = YES;
				GCC_WARN_64_TO_32_BIT_CONVERSION = YES;
				GCC_WARN_ABOUT_RETURN_TYPE = YES_ERROR;
				GCC_WARN_UNDECLARED_SELECTOR = YES;
				GCC_WARN_UNINITIALIZED_AUTOS = YES_AGGRESSIVE;
				GCC_WARN_UNUSED_FUNCTION = YES;
				GCC_WARN_UNUSED_VARIABLE = YES;
				IPHONEOS_DEPLOYMENT_TARGET = 14.4;
				MTL_ENABLE_DEBUG_INFO = NO;
				MTL_FAST_MATH = YES;
				SDKROOT = iphoneos;
				SWIFT_COMPILATION_MODE = wholemodule;
				SWIFT_OPTIMIZATION_LEVEL = "-O";
				VALIDATE_PRODUCT = YES;
			};
			name = Release;
		};
		FA1CCE34272C006000325DCC /* Debug */ = {
			isa = XCBuildConfiguration;
			buildSettings = {
				ASSETCATALOG_COMPILER_APPICON_NAME = AppIcon;
				ASSETCATALOG_COMPILER_GLOBAL_ACCENT_COLOR_NAME = AccentColor;
				CODE_SIGN_STYLE = Automatic;
				DEVELOPMENT_TEAM = 5882J3SK56;
				INFOPLIST_FILE = TimerApp/Info.plist;
				LD_RUNPATH_SEARCH_PATHS = (
					"$(inherited)",
					"@executable_path/Frameworks",
				);
				PRODUCT_BUNDLE_IDENTIFIER = "SWIFT-iOS.TimerApp";
				PRODUCT_NAME = "$(TARGET_NAME)";
				SWIFT_VERSION = 5.0;
				TARGETED_DEVICE_FAMILY = "1,2";
			};
			name = Debug;
		};
		FA1CCE35272C006000325DCC /* Release */ = {
			isa = XCBuildConfiguration;
			buildSettings = {
				ASSETCATALOG_COMPILER_APPICON_NAME = AppIcon;
				ASSETCATALOG_COMPILER_GLOBAL_ACCENT_COLOR_NAME = AccentColor;
				CODE_SIGN_STYLE = Automatic;
				DEVELOPMENT_TEAM = 5882J3SK56;
				INFOPLIST_FILE = TimerApp/Info.plist;
				LD_RUNPATH_SEARCH_PATHS = (
					"$(inherited)",
					"@executable_path/Frameworks",
				);
				PRODUCT_BUNDLE_IDENTIFIER = "SWIFT-iOS.TimerApp";
				PRODUCT_NAME = "$(TARGET_NAME)";
				SWIFT_VERSION = 5.0;
				TARGETED_DEVICE_FAMILY = "1,2";
			};
			name = Release;
		};
		FA1CCE37272C006000325DCC /* Debug */ = {
			isa = XCBuildConfiguration;
			buildSettings = {
				ALWAYS_EMBED_SWIFT_STANDARD_LIBRARIES = YES;
				BUNDLE_LOADER = "$(TEST_HOST)";
				CODE_SIGN_STYLE = Automatic;
				DEVELOPMENT_TEAM = 5882J3SK56;
				INFOPLIST_FILE = TimerAppTests/Info.plist;
				IPHONEOS_DEPLOYMENT_TARGET = 14.4;
				LD_RUNPATH_SEARCH_PATHS = (
					"$(inherited)",
					"@executable_path/Frameworks",
					"@loader_path/Frameworks",
				);
				PRODUCT_BUNDLE_IDENTIFIER = "SWIFT-iOS.TimerAppTests";
				PRODUCT_NAME = "$(TARGET_NAME)";
				SWIFT_VERSION = 5.0;
				TARGETED_DEVICE_FAMILY = "1,2";
				TEST_HOST = "$(BUILT_PRODUCTS_DIR)/TimerApp.app/TimerApp";
			};
			name = Debug;
		};
		FA1CCE38272C006000325DCC /* Release */ = {
			isa = XCBuildConfiguration;
			buildSettings = {
				ALWAYS_EMBED_SWIFT_STANDARD_LIBRARIES = YES;
				BUNDLE_LOADER = "$(TEST_HOST)";
				CODE_SIGN_STYLE = Automatic;
				DEVELOPMENT_TEAM = 5882J3SK56;
				INFOPLIST_FILE = TimerAppTests/Info.plist;
				IPHONEOS_DEPLOYMENT_TARGET = 14.4;
				LD_RUNPATH_SEARCH_PATHS = (
					"$(inherited)",
					"@executable_path/Frameworks",
					"@loader_path/Frameworks",
				);
				PRODUCT_BUNDLE_IDENTIFIER = "SWIFT-iOS.TimerAppTests";
				PRODUCT_NAME = "$(TARGET_NAME)";
				SWIFT_VERSION = 5.0;
				TARGETED_DEVICE_FAMILY = "1,2";
				TEST_HOST = "$(BUILT_PRODUCTS_DIR)/TimerApp.app/TimerApp";
			};
			name = Release;
		};
		FA1CCE3A272C006000325DCC /* Debug */ = {
			isa = XCBuildConfiguration;
			buildSettings = {
				ALWAYS_EMBED_SWIFT_STANDARD_LIBRARIES = YES;
				CODE_SIGN_STYLE = Automatic;
				DEVELOPMENT_TEAM = 5882J3SK56;
				INFOPLIST_FILE = TimerAppUITests/Info.plist;
				LD_RUNPATH_SEARCH_PATHS = (
					"$(inherited)",
					"@executable_path/Frameworks",
					"@loader_path/Frameworks",
				);
				PRODUCT_BUNDLE_IDENTIFIER = "SWIFT-iOS.TimerAppUITests";
				PRODUCT_NAME = "$(TARGET_NAME)";
				SWIFT_VERSION = 5.0;
				TARGETED_DEVICE_FAMILY = "1,2";
				TEST_TARGET_NAME = TimerApp;
			};
			name = Debug;
		};
		FA1CCE3B272C006000325DCC /* Release */ = {
			isa = XCBuildConfiguration;
			buildSettings = {
				ALWAYS_EMBED_SWIFT_STANDARD_LIBRARIES = YES;
				CODE_SIGN_STYLE = Automatic;
				DEVELOPMENT_TEAM = 5882J3SK56;
				INFOPLIST_FILE = TimerAppUITests/Info.plist;
				LD_RUNPATH_SEARCH_PATHS = (
					"$(inherited)",
					"@executable_path/Frameworks",
					"@loader_path/Frameworks",
				);
				PRODUCT_BUNDLE_IDENTIFIER = "SWIFT-iOS.TimerAppUITests";
				PRODUCT_NAME = "$(TARGET_NAME)";
				SWIFT_VERSION = 5.0;
				TARGETED_DEVICE_FAMILY = "1,2";
				TEST_TARGET_NAME = TimerApp;
			};
			name = Release;
		};
/* End XCBuildConfiguration section */

/* Begin XCConfigurationList section */
		FA1CCE04272C005E00325DCC /* Build configuration list for PBXProject "TimerApp" */ = {
			isa = XCConfigurationList;
			buildConfigurations = (
				FA1CCE31272C006000325DCC /* Debug */,
				FA1CCE32272C006000325DCC /* Release */,
			);
			defaultConfigurationIsVisible = 0;
			defaultConfigurationName = Release;
		};
		FA1CCE33272C006000325DCC /* Build configuration list for PBXNativeTarget "TimerApp" */ = {
			isa = XCConfigurationList;
			buildConfigurations = (
				FA1CCE34272C006000325DCC /* Debug */,
				FA1CCE35272C006000325DCC /* Release */,
			);
			defaultConfigurationIsVisible = 0;
			defaultConfigurationName = Release;
		};
		FA1CCE36272C006000325DCC /* Build configuration list for PBXNativeTarget "TimerAppTests" */ = {
			isa = XCConfigurationList;
			buildConfigurations = (
				FA1CCE37272C006000325DCC /* Debug */,
				FA1CCE38272C006000325DCC /* Release */,
			);
			defaultConfigurationIsVisible = 0;
			defaultConfigurationName = Release;
		};
		FA1CCE39272C006000325DCC /* Build configuration list for PBXNativeTarget "TimerAppUITests" */ = {
			isa = XCConfigurationList;
			buildConfigurations = (
				FA1CCE3A272C006000325DCC /* Debug */,
				FA1CCE3B272C006000325DCC /* Release */,
			);
			defaultConfigurationIsVisible = 0;
			defaultConfigurationName = Release;
		};
/* End XCConfigurationList section */
	};
	rootObject = FA1CCE01272C005E00325DCC /* Project object */;
}
